
Microsoft Visual Studio Solution File, Format Version 12.00
<<<<<<< HEAD
# Visual Studio Express 2013 for Windows Desktop
=======
# Visual Studio 2012
>>>>>>> upstream/master
VisualStudioVersion = 12.0.31101.0
MinimumVisualStudioVersion = 10.0.40219.1
Project("{FAE04EC0-301F-11D3-BF4B-00C04F79EFBC}") = "FMScoutFramework", "FMScoutFramework.csproj", "{E74FE82A-2E12-4C51-AD24-7D2DDE5C36A6}"
EndProject
Project("{FAE04EC0-301F-11D3-BF4B-00C04F79EFBC}") = "FMScoutFrameworkTest", "FMScoutFrameworkTest\FMScoutFrameworkTest.csproj", "{316F5660-51E2-4B99-ADCB-DA6F2DD23909}"
EndProject
Project("{FAE04EC0-301F-11D3-BF4B-00C04F79EFBC}") = "UnitTests", "UnitTests\UnitTests.csproj", "{2AAB960C-CAE7-4D79-AA88-B64284F04774}"
EndProject
Global
	GlobalSection(SolutionConfigurationPlatforms) = preSolution
		Debug|Any CPU = Debug|Any CPU
		Release|Any CPU = Release|Any CPU
	EndGlobalSection
	GlobalSection(ProjectConfigurationPlatforms) = postSolution
		{316F5660-51E2-4B99-ADCB-DA6F2DD23909}.Debug|Any CPU.ActiveCfg = Debug|Any CPU
		{316F5660-51E2-4B99-ADCB-DA6F2DD23909}.Debug|Any CPU.Build.0 = Debug|Any CPU
		{316F5660-51E2-4B99-ADCB-DA6F2DD23909}.Release|Any CPU.ActiveCfg = Release|Any CPU
		{316F5660-51E2-4B99-ADCB-DA6F2DD23909}.Release|Any CPU.Build.0 = Release|Any CPU
<<<<<<< HEAD
		{2AAB960C-CAE7-4D79-AA88-B64284F04774}.Debug|Any CPU.ActiveCfg = Debug|Any CPU
		{2AAB960C-CAE7-4D79-AA88-B64284F04774}.Debug|Any CPU.Build.0 = Debug|Any CPU
		{2AAB960C-CAE7-4D79-AA88-B64284F04774}.Release|Any CPU.ActiveCfg = Release|Any CPU
		{2AAB960C-CAE7-4D79-AA88-B64284F04774}.Release|Any CPU.Build.0 = Release|Any CPU
=======
		{E74FE82A-2E12-4C51-AD24-7D2DDE5C36A6}.Debug|Any CPU.ActiveCfg = Debug|Any CPU
		{E74FE82A-2E12-4C51-AD24-7D2DDE5C36A6}.Debug|Any CPU.Build.0 = Debug|Any CPU
		{E74FE82A-2E12-4C51-AD24-7D2DDE5C36A6}.Release|Any CPU.ActiveCfg = Release|Any CPU
		{E74FE82A-2E12-4C51-AD24-7D2DDE5C36A6}.Release|Any CPU.Build.0 = Release|Any CPU
>>>>>>> upstream/master
	EndGlobalSection
	GlobalSection(SolutionProperties) = preSolution
		HideSolutionNode = FALSE
	EndGlobalSection
EndGlobal
