
Microsoft Visual Studio Solution File, Format Version 12.00
# Visual Studio 14
VisualStudioVersion = 14.0.24720.0
MinimumVisualStudioVersion = 10.0.40219.1
Project("{FAE04EC0-301F-11D3-BF4B-00C04F79EFBC}") = "FMScoutFramework", "FMScoutFramework.csproj", "{E74FE82A-2E12-4C51-AD24-7D2DDE5C36A6}"
EndProject
Project("{FAE04EC0-301F-11D3-BF4B-00C04F79EFBC}") = "FMScoutFrameworkTest", "FMScoutFrameworkTest\FMScoutFrameworkTest.csproj", "{316F5660-51E2-4B99-ADCB-DA6F2DD23909}"
EndProject
Global
	GlobalSection(SolutionConfigurationPlatforms) = preSolution
		Windows-Debug|Any CPU = Windows-Debug|Any CPU
		Windows-Release|Any CPU = Windows-Release|Any CPU
	EndGlobalSection
	GlobalSection(ProjectConfigurationPlatforms) = postSolution
		{E74FE82A-2E12-4C51-AD24-7D2DDE5C36A6}.Windows-Debug|Any CPU.ActiveCfg = Windows-Debug|Any CPU
		{E74FE82A-2E12-4C51-AD24-7D2DDE5C36A6}.Windows-Debug|Any CPU.Build.0 = Windows-Debug|Any CPU
		{E74FE82A-2E12-4C51-AD24-7D2DDE5C36A6}.Windows-Release|Any CPU.ActiveCfg = Windows-Release|Any CPU
		{E74FE82A-2E12-4C51-AD24-7D2DDE5C36A6}.Windows-Release|Any CPU.Build.0 = Windows-Release|Any CPU
		{316F5660-51E2-4B99-ADCB-DA6F2DD23909}.Windows-Debug|Any CPU.ActiveCfg = Debug|Any CPU
		{316F5660-51E2-4B99-ADCB-DA6F2DD23909}.Windows-Debug|Any CPU.Build.0 = Debug|Any CPU
		{316F5660-51E2-4B99-ADCB-DA6F2DD23909}.Windows-Release|Any CPU.ActiveCfg = Release|Any CPU
		{316F5660-51E2-4B99-ADCB-DA6F2DD23909}.Windows-Release|Any CPU.Build.0 = Release|Any CPU
	EndGlobalSection
	GlobalSection(SolutionProperties) = preSolution
		HideSolutionNode = FALSE
	EndGlobalSection
EndGlobal
